
Microsoft Visual Studio Solution File, Format Version 12.00
# Visual Studio Version 16
VisualStudioVersion = 16.0.30309.148
MinimumVisualStudioVersion = 10.0.40219.1
Project("{FAE04EC0-301F-11D3-BF4B-00C04F79EFBC}") = "Module01Forms", "Module01Forms\Module01Forms.csproj", "{A261C1AB-8427-4846-8C42-A7BF00C6753A}"
EndProject
Global
	GlobalSection(SolutionConfigurationPlatforms) = preSolution
		Debug|Any CPU = Debug|Any CPU
		Release|Any CPU = Release|Any CPU
	EndGlobalSection
	GlobalSection(ProjectConfigurationPlatforms) = postSolution
		{A261C1AB-8427-4846-8C42-A7BF00C6753A}.Debug|Any CPU.ActiveCfg = Debug|Any CPU
		{A261C1AB-8427-4846-8C42-A7BF00C6753A}.Debug|Any CPU.Build.0 = Debug|Any CPU
		{A261C1AB-8427-4846-8C42-A7BF00C6753A}.Release|Any CPU.ActiveCfg = Release|Any CPU
		{A261C1AB-8427-4846-8C42-A7BF00C6753A}.Release|Any CPU.Build.0 = Release|Any CPU
	EndGlobalSection
	GlobalSection(SolutionProperties) = preSolution
		HideSolutionNode = FALSE
	EndGlobalSection
	GlobalSection(ExtensibilityGlobals) = postSolution
		SolutionGuid = {F7B13541-8D64-4F77-86E5-8BF7E0945EC4}
	EndGlobalSection
EndGlobal
